
Microsoft Visual Studio Solution File, Format Version 12.00
# Visual Studio 15
VisualStudioVersion = 15.0.27004.2005
MinimumVisualStudioVersion = 10.0.40219.1
Project("{FAE04EC0-301F-11D3-BF4B-00C04F79EFBC}") = "Aviacompany", "Aviacompany\Aviacompany.csproj", "{5DAC7DAD-4F5E-4CD2-BD46-B238F19D2055}"
EndProject
Project("{FAE04EC0-301F-11D3-BF4B-00C04F79EFBC}") = "Aviacompany.Tests", "Aviacompany.Tests\Aviacompany.Tests.csproj", "{10E11520-B1DC-464C-8442-630F0793D37D}"
EndProject
Project("{FAE04EC0-301F-11D3-BF4B-00C04F79EFBC}") = "Aviacompany.Library", "Aviacompany.Library\Aviacompany.Library.csproj", "{1517AE0B-B5FC-4906-ADC8-0F8A725DF8EE}"
EndProject
Global
	GlobalSection(SolutionConfigurationPlatforms) = preSolution
		Debug|Any CPU = Debug|Any CPU
		Release|Any CPU = Release|Any CPU
	EndGlobalSection
	GlobalSection(ProjectConfigurationPlatforms) = postSolution
		{5DAC7DAD-4F5E-4CD2-BD46-B238F19D2055}.Debug|Any CPU.ActiveCfg = Debug|Any CPU
		{5DAC7DAD-4F5E-4CD2-BD46-B238F19D2055}.Debug|Any CPU.Build.0 = Debug|Any CPU
		{5DAC7DAD-4F5E-4CD2-BD46-B238F19D2055}.Release|Any CPU.ActiveCfg = Release|Any CPU
		{5DAC7DAD-4F5E-4CD2-BD46-B238F19D2055}.Release|Any CPU.Build.0 = Release|Any CPU
		{10E11520-B1DC-464C-8442-630F0793D37D}.Debug|Any CPU.ActiveCfg = Debug|Any CPU
		{10E11520-B1DC-464C-8442-630F0793D37D}.Debug|Any CPU.Build.0 = Debug|Any CPU
		{10E11520-B1DC-464C-8442-630F0793D37D}.Release|Any CPU.ActiveCfg = Release|Any CPU
		{10E11520-B1DC-464C-8442-630F0793D37D}.Release|Any CPU.Build.0 = Release|Any CPU
		{1517AE0B-B5FC-4906-ADC8-0F8A725DF8EE}.Debug|Any CPU.ActiveCfg = Debug|Any CPU
		{1517AE0B-B5FC-4906-ADC8-0F8A725DF8EE}.Debug|Any CPU.Build.0 = Debug|Any CPU
		{1517AE0B-B5FC-4906-ADC8-0F8A725DF8EE}.Release|Any CPU.ActiveCfg = Release|Any CPU
		{1517AE0B-B5FC-4906-ADC8-0F8A725DF8EE}.Release|Any CPU.Build.0 = Release|Any CPU
	EndGlobalSection
	GlobalSection(SolutionProperties) = preSolution
		HideSolutionNode = FALSE
	EndGlobalSection
	GlobalSection(ExtensibilityGlobals) = postSolution
		SolutionGuid = {EBD5A8F6-71DA-4D8D-9876-814C73E40659}
	EndGlobalSection
EndGlobal
